# THIS IS AN AUTOGENERATED FILE. DO NOT EDIT THIS FILE DIRECTLY.
# yarn lockfile v1


generate-function@^2.0.0:
  version "2.3.1"
  resolved "https://registry.yarnpkg.com/generate-function/-/generate-function-2.3.1.tgz#f069617690c10c868e73b8465746764f97c3479f"
  dependencies:
    is-property "^1.0.2"

generate-object-property@^1.2.0:
  version "1.2.0"
  resolved "https://registry.yarnpkg.com/generate-object-property/-/generate-object-property-1.2.0.tgz#9c0e1c40308ce804f4783618b937fa88f99d50d0"
  dependencies:
    is-property "^1.0.0"

is-property@^1.0.0, is-property@^1.0.2:
  version "1.0.2"
  resolved "https://registry.yarnpkg.com/is-property/-/is-property-1.0.2.tgz#57fe1c4e48474edd65b09911f26b1cd4095dda84"

protocol-buffers-encodings@^1.1.0:
  version "1.1.0"
  resolved "https://registry.yarnpkg.com/protocol-buffers-encodings/-/protocol-buffers-encodings-1.1.0.tgz#f3905631106669b85381bad47a336add7d206873"
  dependencies:
    signed-varint "^2.0.1"
    varint "^5.0.0"

protocol-buffers-schema@^3.1.1:
  version "3.3.2"
  resolved "https://registry.yarnpkg.com/protocol-buffers-schema/-/protocol-buffers-schema-3.3.2.tgz#00434f608b4e8df54c59e070efeefc37fb4bb859"

protocol-buffers@^4.1.0:
  version "4.1.0"
  resolved "https://registry.yarnpkg.com/protocol-buffers/-/protocol-buffers-4.1.0.tgz#c5ba3762123d5960229a2d585c8767a08a6861dc"
  dependencies:
    generate-function "^2.0.0"
    generate-object-property "^1.2.0"
    protocol-buffers-encodings "^1.1.0"
    protocol-buffers-schema "^3.1.1"
    signed-varint "^2.0.0"
    varint "^5.0.0"

signed-varint@^2.0.0, signed-varint@^2.0.1:
  version "2.0.1"
  resolved "https://registry.yarnpkg.com/signed-varint/-/signed-varint-2.0.1.tgz#50a9989da7c98c2c61dad119bc97470ef8528129"
  dependencies:
    varint "~5.0.0"

varint@^5.0.0, varint@~5.0.0:
  version "5.0.0"
  resolved "https://registry.yarnpkg.com/varint/-/varint-5.0.0.tgz#d826b89f7490732fabc0c0ed693ed475dcb29ebf"
